
Microsoft Visual Studio Solution File, Format Version 12.00
# Visual Studio Version 17
VisualStudioVersion = 17.13.35806.99 d17.13
MinimumVisualStudioVersion = 10.0.40219.1
Project("{FAE04EC0-301F-11D3-BF4B-00C04F79EFBC}") = "Bridge", "Bridge.csproj", "{D6EC0BBF-8A36-4279-A812-7E79A08B5B1B}"
EndProject
Global
	GlobalSection(SolutionConfigurationPlatforms) = preSolution
		Debug|Any CPU = Debug|Any CPU
		Release|Any CPU = Release|Any CPU
	EndGlobalSection
	GlobalSection(ProjectConfigurationPlatforms) = postSolution
		{D6EC0BBF-8A36-4279-A812-7E79A08B5B1B}.Debug|Any CPU.ActiveCfg = Debug|Any CPU
		{D6EC0BBF-8A36-4279-A812-7E79A08B5B1B}.Debug|Any CPU.Build.0 = Debug|Any CPU
		{D6EC0BBF-8A36-4279-A812-7E79A08B5B1B}.Release|Any CPU.ActiveCfg = Release|Any CPU
		{D6EC0BBF-8A36-4279-A812-7E79A08B5B1B}.Release|Any CPU.Build.0 = Release|Any CPU
	EndGlobalSection
	GlobalSection(SolutionProperties) = preSolution
		HideSolutionNode = FALSE
	EndGlobalSection
	GlobalSection(ExtensibilityGlobals) = postSolution
		SolutionGuid = {AF1F2EB0-C4DA-40D8-A45A-7F730F6FFD34}
	EndGlobalSection
EndGlobal
